
Microsoft Visual Studio Solution File, Format Version 12.00
# Visual Studio 15
VisualStudioVersion = 15.0.26430.16
MinimumVisualStudioVersion = 10.0.40219.1
Project("{FAE04EC0-301F-11D3-BF4B-00C04F79EFBC}") = "Yuxi.Notifications.API", "Yuxi.Notifications.API\Yuxi.Notifications.API.csproj", "{0A77DE6C-9FF4-45E0-9237-8D3E83C55A2B}"
EndProject
Project("{FAE04EC0-301F-11D3-BF4B-00C04F79EFBC}") = "Yuxi.Notifications.Infrastructure", "Yuxi.Notifications.Infrastructure\Yuxi.Notifications.Infrastructure.csproj", "{3F9318DF-A5BE-451D-8129-43CFD9E61BCB}"
EndProject
Project("{FAE04EC0-301F-11D3-BF4B-00C04F79EFBC}") = "Yuxi.Notifications.Domain", "Yuxi.Notifications.Domain\Yuxi.Notifications.Domain.csproj", "{11283D14-DC05-4649-9889-CA3641692C40}"
EndProject
Project("{FAE04EC0-301F-11D3-BF4B-00C04F79EFBC}") = "Yuxi.Notifications.Application", "Yuxi.Notifications.Application\Yuxi.Notifications.Application.csproj", "{C7BE025D-21C9-4047-9C58-BADF6C60EC67}"
EndProject
Global
	GlobalSection(SolutionConfigurationPlatforms) = preSolution
		Debug|Any CPU = Debug|Any CPU
		Release|Any CPU = Release|Any CPU
	EndGlobalSection
	GlobalSection(ProjectConfigurationPlatforms) = postSolution
		{0A77DE6C-9FF4-45E0-9237-8D3E83C55A2B}.Debug|Any CPU.ActiveCfg = Debug|Any CPU
		{0A77DE6C-9FF4-45E0-9237-8D3E83C55A2B}.Debug|Any CPU.Build.0 = Debug|Any CPU
		{0A77DE6C-9FF4-45E0-9237-8D3E83C55A2B}.Release|Any CPU.ActiveCfg = Release|Any CPU
		{0A77DE6C-9FF4-45E0-9237-8D3E83C55A2B}.Release|Any CPU.Build.0 = Release|Any CPU
		{3F9318DF-A5BE-451D-8129-43CFD9E61BCB}.Debug|Any CPU.ActiveCfg = Debug|Any CPU
		{3F9318DF-A5BE-451D-8129-43CFD9E61BCB}.Debug|Any CPU.Build.0 = Debug|Any CPU
		{3F9318DF-A5BE-451D-8129-43CFD9E61BCB}.Release|Any CPU.ActiveCfg = Release|Any CPU
		{3F9318DF-A5BE-451D-8129-43CFD9E61BCB}.Release|Any CPU.Build.0 = Release|Any CPU
		{11283D14-DC05-4649-9889-CA3641692C40}.Debug|Any CPU.ActiveCfg = Debug|Any CPU
		{11283D14-DC05-4649-9889-CA3641692C40}.Debug|Any CPU.Build.0 = Debug|Any CPU
		{11283D14-DC05-4649-9889-CA3641692C40}.Release|Any CPU.ActiveCfg = Release|Any CPU
		{11283D14-DC05-4649-9889-CA3641692C40}.Release|Any CPU.Build.0 = Release|Any CPU
		{C7BE025D-21C9-4047-9C58-BADF6C60EC67}.Debug|Any CPU.ActiveCfg = Debug|Any CPU
		{C7BE025D-21C9-4047-9C58-BADF6C60EC67}.Debug|Any CPU.Build.0 = Debug|Any CPU
		{C7BE025D-21C9-4047-9C58-BADF6C60EC67}.Release|Any CPU.ActiveCfg = Release|Any CPU
		{C7BE025D-21C9-4047-9C58-BADF6C60EC67}.Release|Any CPU.Build.0 = Release|Any CPU
	EndGlobalSection
	GlobalSection(SolutionProperties) = preSolution
		HideSolutionNode = FALSE
	EndGlobalSection
EndGlobal
